# This lock file was generated by conda-lock (https://github.com/conda-incubator/conda-lock). DO NOT EDIT!
#
# A "lock file" contains a concrete list of package versions (with checksums) to be installed. Unlike
# e.g. `conda env create`, the resulting environment will not change as new package versions become
# available, unless you explicitly update the lock file.
#
# Install this environment as "YOURENV" with:
#     conda-lock install -n YOURENV --file conda-lock.yml
# This lock contains optional dependency categories build. Include them in the installed environment with:
#     conda-lock install -e build -n YOURENV --file conda-lock.yml
# To update a single package to the latest version compatible with the version constraints in the source:
#     conda-lock lock --lockfile conda-lock.yml --update PACKAGE
# To re-solve the entire environment, e.g. after changing a version constraint in the source file:
#     conda-lock -f environment.yml -f environment_build.yml --lockfile conda-lock.yml
metadata:
  channels:
  - url: defaults
    used_env_vars: []
  content_hash:
    linux-64: 278ee020f48c26c3dc7ca5a6fbe8e7615f4d6dad47fb5b82d5c36463efefcda6
  platforms:
  - linux-64
  sources:
  - environment.yml
  - environment_build.yml
package:
- category: main
  dependencies: {}
  hash:
    md5: c3473ff8bdb3d124ed5ff11ec380d6f9
    sha256: 476626712f60e5ef0fe04c354727152b1ee5285d57ccd3575c7be930122bd051
  manager: conda
  name: _libgcc_mutex
  optional: false
  platform: linux-64
  url: https://repo.anaconda.com/pkgs/main/linux-64/_libgcc_mutex-0.1-main.conda
  version: '0.1'
- category: main
  dependencies: {}
  hash:
    md5: 9a7a051e9bd41da46523acb017d8a517
    sha256: 05f806e9b610f80e15f2c8d7b4e9a7a2817ed4870b85427acb2a89a1db44ec0e
  manager: conda
  name: blas
  optional: false
  platform: linux-64
  url: https://repo.anaconda.com/pkgs/main/linux-64/blas-1.0-mkl.conda
  version: '1.0'
- category: main
  dependencies: {}
  hash:
    md5: fc9c0bf2e7893f5407ff74289dbcf295
    sha256: cd75d93dfee17a55d1a05fa2a791432649cf6e7b6ee240c7707310ec75e70880
  manager: conda
  name: ca-certificates
  optional: false
  platform: linux-64
  url: https://repo.anaconda.com/pkgs/main/linux-64/ca-certificates-2022.4.26-h06a4308_0.conda
  version: 2022.4.26
- category: main
  dependencies: {}
  hash:
    md5: 15d9e331499432d8e22935c1d3b5d2a1
    sha256: 6a2d668a0a33fddbf047f8ef55c29ba5f803ef2c6fed923b7c753a836f4ce002
  manager: conda
  name: intel-openmp
  optional: false
  platform: linux-64
  url: https://repo.anaconda.com/pkgs/main/linux-64/intel-openmp-2021.4.0-h06a4308_3561.conda
  version: 2021.4.0
- category: main
  dependencies: {}
  hash:
    md5: 68eedfd9c06f2b0e6888d8db345b7f5b
    sha256: 0c7a6f340f4a9e15cc99b3c7e11f07c7670a9b881161739edd77753e5530fe31
  manager: conda
  name: ld_impl_linux-64
  optional: false
  platform: linux-64
  url: https://repo.anaconda.com/pkgs/main/linux-64/ld_impl_linux-64-2.38-h1181459_1.conda
  version: '2.38'
- category: main
  dependencies: {}
  hash:
    md5: 57623d10a70e09e1d048c2b2b6f4e2dd
    sha256: 4da22842de544990e623ed38dfd9b468cc26cc592a102e41bcf45c91bcce9aa2
  manager: conda
  name: libstdcxx-ng
  optional: false
  platform: linux-64
  url: https://repo.anaconda.com/pkgs/main/linux-64/libstdcxx-ng-11.2.0-h1234567_1.conda
  version: 11.2.0
- category: main
  dependencies: {}
  hash:
    md5: e8fd073330b1083fcd3bc2634722f1a6
    sha256: 63f777895e477faabedfd91ff2c54161d309f1efdefb0555a266f6caeea0b6c8
  manager: conda
  name: tzdata
  optional: false
  platform: linux-64
  url: https://repo.anaconda.com/pkgs/main/noarch/tzdata-2022a-hda174b7_0.conda
  version: 2022a
- category: main
  dependencies:
    _libgcc_mutex: 0.1 main
  hash:
    md5: b372c0eea9b60732fdae4b817a63c8cd
    sha256: a1c6e599df45e116af81c36ec4c9efb1793fa3a0b854dd90dd6c8813cd476e90
  manager: conda
  name: libgomp
  optional: false
  platform: linux-64
  url: https://repo.anaconda.com/pkgs/main/linux-64/libgomp-11.2.0-h1234567_1.conda
  version: 11.2.0
- category: main
  dependencies:
    intel-openmp: 2021.*
  hash:
    md5: c9eee35aaa371ed39e4d8c0692f0e5bf
    sha256: 58cb5ed4263f1bc5eadd08824eaedfd80719c6eff4cfa2bcac0f1a39a9aca1e5
  manager: conda
  name: mkl
  optional: false
  platform: linux-64
  url: https://repo.anaconda.com/pkgs/main/linux-64/mkl-2021.4.0-h06a4308_640.conda
  version: 2021.4.0
- category: main
  dependencies:
    _libgcc_mutex: 0.1 main
    libgomp: '>=7.5.0'
  hash:
    md5: 71d281e9c2192cb3fa425655a8defb85
    sha256: 576011048d23f2e03372263493c5529f802286ff53e8426df99a5b11cc2572f3
  manager: conda
  name: _openmp_mutex
  optional: false
  platform: linux-64
  url: https://repo.anaconda.com/pkgs/main/linux-64/_openmp_mutex-5.1-1_gnu.conda
  version: '5.1'
- category: main
  dependencies:
    _libgcc_mutex: '* main'
    _openmp_mutex: ''
  hash:
    md5: a87728dabf3151fb9cfa990bd2eb0464
    sha256: cdcce11f1c6ca57ba686ab92f3a5c122efe1e0630e00c6ad275624ce79008aa7
  manager: conda
  name: libgcc-ng
  optional: false
  platform: linux-64
  url: https://repo.anaconda.com/pkgs/main/linux-64/libgcc-ng-11.2.0-h1234567_1.conda
  version: 11.2.0
- category: main
  dependencies:
    libgcc-ng: '>=7.3.0'
  hash:
    md5: 9303f4af7c004e069bae22bde8d800ee
    sha256: d3fa503351a53692866182a3819fb28d105e32c25d177bf6a9444c4153215e0d
  manager: conda
  name: bzip2
  optional: false
  platform: linux-64
  url: https://repo.anaconda.com/pkgs/main/linux-64/bzip2-1.0.8-h7b6447c_0.conda
  version: 1.0.8
- category: main
  dependencies:
    libgcc-ng: '>=7.3.0'
    libstdcxx-ng: '>=7.3.0'
  hash:
    md5: 88a54b8f50e351c650e16f4ee781440c
    sha256: 2cef7c80db19e83a38b6e02110f0e9828d3ef4045c38791d5b01006c44529093
  manager: conda
  name: libffi
  optional: false
  platform: linux-64
  url: https://repo.anaconda.com/pkgs/main/linux-64/libffi-3.3-he6710b0_2.conda
  version: '3.3'
- category: main
  dependencies:
    libgcc-ng: '>=7.5.0'
  hash:
    md5: 6c4c9e96bfa4744d4839b9ed128e1114
    sha256: 78e174d87231225fd813bd13b281cf249e59d21cc32fb7717473c4f65163af1b
  manager: conda
  name: libuuid
  optional: false
  platform: linux-64
  url: https://repo.anaconda.com/pkgs/main/linux-64/libuuid-1.0.3-h7f8727e_2.conda
  version: 1.0.3
- category: main
  dependencies:
    libgcc-ng: '>=11.2.0'
  hash:
    md5: 0c616f387885c1bbb57ec0bd1e779ced
    sha256: 4ce599f76d1e2704209eee1f6b1a05a8a5a679ae7bb02c2bab915cf6d694196f
  manager: conda
  name: ncurses
  optional: false
  platform: linux-64
  url: https://repo.anaconda.com/pkgs/main/linux-64/ncurses-6.3-h5eee18b_3.conda
  version: '6.3'
- category: main
  dependencies:
    ca-certificates: ''
    libgcc-ng: '>=11.2.0'
  hash:
    md5: bfdaf29c41b954aac15c9e54d0730609
    sha256: cff15bb359a1b65b4d080e920d3972f139c78c67ccca150f500000f13009e636
  manager: conda
  name: openssl
  optional: false
  platform: linux-64
  url: https://repo.anaconda.com/pkgs/main/linux-64/openssl-1.1.1p-h5eee18b_0.conda
  version: 1.1.1p
- category: main
  dependencies:
    libgcc-ng: '>=7.5.0'
  hash:
    md5: 5d01fcf310bf465237f6b95a019d73bc
    sha256: 3aebdee7910426ecbecd5e67c3759dfb68d21c9d24c0f093ccbdda42cc23b23c
  manager: conda
  name: xz
  optional: false
  platform: linux-64
  url: https://repo.anaconda.com/pkgs/main/linux-64/xz-5.2.5-h7f8727e_1.conda
  version: 5.2.5
- category: main
  dependencies:
    libgcc-ng: '>=7.5.0'
  hash:
    md5: 4f4080e9939f082332cd8be7fedad087
    sha256: d4aa8bdf122d3a53845db459d343c8b21ba51907d3c8dc5d2df3ff22dc98c6ca
  manager: conda
  name: zlib
  optional: false
  platform: linux-64
  url: https://repo.anaconda.com/pkgs/main/linux-64/zlib-1.2.12-h7f8727e_2.conda
  version: 1.2.12
- category: main
  dependencies:
    libgcc-ng: '>=7.5.0'
    ncurses: '>=6.3,<7.0a0'
  hash:
    md5: ea33f478fea12406f394944e7e4f3d20
    sha256: ab74641903ecb92f45c392cffe5bbb712208854c6ea20ab86b65dd4dfc1b1beb
  manager: conda
  name: readline
  optional: false
  platform: linux-64
  url: https://repo.anaconda.com/pkgs/main/linux-64/readline-8.1.2-h7f8727e_1.conda
  version: 8.1.2
- category: main
  dependencies:
    libgcc-ng: '>=7.5.0'
    zlib: '>=1.2.12,<1.3.0a0'
  hash:
    md5: fa10ff4aa631fa4aa090a6234d7770b9
    sha256: 566579b236dff05c97b56857a808e192f2b7d420dad728b3d7e95fb553a3ce02
  manager: conda
  name: tk
  optional: false
  platform: linux-64
  url: https://repo.anaconda.com/pkgs/main/linux-64/tk-8.6.12-h1ccaba5_0.conda
  version: 8.6.12
- category: main
  dependencies:
    libgcc-ng: '>=7.5.0'
    readline: '>=8.0,<9.0a0'
    zlib: '>=1.2.12,<1.3.0a0'
  hash:
    md5: ed2668e84d5e2730827ad737bc5231a3
    sha256: e1bfea5f8018906f6341af99eabc98e9530f152b53fbaa3ef5450a545055846b
  manager: conda
  name: sqlite
  optional: false
  platform: linux-64
  url: https://repo.anaconda.com/pkgs/main/linux-64/sqlite-3.38.5-hc218d9a_0.conda
  version: 3.38.5
- category: main
  dependencies:
    bzip2: '>=1.0.8,<2.0a0'
    ld_impl_linux-64: ''
    libffi: '>=3.3,<3.4.0a0'
    libgcc-ng: '>=7.5.0'
    libuuid: '>=1.0.3,<2.0a0'
    ncurses: '>=6.3,<7.0a0'
    openssl: '>=1.1.1n,<1.1.2a'
    readline: '>=8.0,<9.0a0'
    sqlite: '>=3.38.0,<4.0a0'
    tk: '>=8.6.11,<8.7.0a0'
    tzdata: ''
    xz: '>=5.2.5,<6.0a0'
    zlib: '>=1.2.11,<1.3.0a0'
  hash:
    md5: f931504bb2eeaf18f20388fd0ad44be4
    sha256: 3ac2d9165dbc89e4b309a2fa192c01f7e65a2fd47fad588bad44c66c19ad9af8
  manager: conda
  name: python
  optional: false
  platform: linux-64
  url: https://repo.anaconda.com/pkgs/main/linux-64/python-3.10.4-h12debd9_0.tar.bz2
  version: 3.10.4
- category: build
  dependencies:
    python: '>=3.10,<3.11.0a0'
  hash:
    md5: 36486307238f598fbbbd575aeb741752
    sha256: d6ca4cdefb1b708fc463a30910c92333bb0447b25c55ad034d17f33b8f2d9a58
  manager: conda
  name: certifi
  optional: true
  platform: linux-64
  url: https://repo.anaconda.com/pkgs/main/linux-64/certifi-2022.6.15-py310h06a4308_0.conda
  version: 2022.6.15
- category: build
  dependencies:
    python: '>=3.5'
  hash:
    md5: e7a441d94234b2b5fafee06e25dbf076
    sha256: b39aea12bf02654cdd0094c79bfa6edbc8d054787f6e2d0b96d403cd4ba4cc0d
  manager: conda
  name: charset-normalizer
  optional: true
  platform: linux-64
  url: https://repo.anaconda.com/pkgs/main/noarch/charset-normalizer-2.0.4-pyhd3eb1b0_0.conda
  version: 2.0.4
- category: build
  dependencies:
    python: '>=3.5'
  hash:
    md5: 8f43a528cf83b43af38a4d142fa38b8a
    sha256: 2214ad8a3c5f0afc3c13ced28dd1961b98ff780b4e8562357a85c243e7fe678e
  manager: conda
  name: idna
  optional: true
  platform: linux-64
  url: https://repo.anaconda.com/pkgs/main/noarch/idna-3.3-pyhd3eb1b0_0.conda
  version: '3.3'
- category: build
  dependencies:
    python: '>=3.6'
  hash:
    md5: 135a72ff2a31150a3a3ff0b1edd41ca9
    sha256: 4405b5aeff26863972c82e8b54d09f88cd084f70e01e4343107b2676ffbeab57
  manager: conda
  name: pycparser
  optional: true
  platform: linux-64
  url: https://repo.anaconda.com/pkgs/main/noarch/pycparser-2.21-pyhd3eb1b0_0.conda
  version: '2.21'
- category: build
  dependencies:
    python: '>=3.10,<3.11.0a0'
  hash:
    md5: b0753810caadcd4a550c833f87fb3866
    sha256: 4ae4c13a181087485244bfdfe3cee8d3e69ca53d87f3f3fe30f2874b833359b3
  manager: conda
  name: pysocks
  optional: true
  platform: linux-64
  url: https://repo.anaconda.com/pkgs/main/linux-64/pysocks-1.7.1-py310h06a4308_0.conda
  version: 1.7.1
- category: main
  dependencies:
    python: ''
  hash:
    md5: 34586824d411d36af2fa40e799c172d0
    sha256: 71c97b4ddc3d19ed41bfa1a2d40f620f96b4d46f097dc48ab115b36640f7df0a
  manager: conda
  name: six
  optional: false
  platform: linux-64
  url: https://repo.anaconda.com/pkgs/main/noarch/six-1.16.0-pyhd3eb1b0_1.conda
  version: 1.16.0
- category: build
  dependencies:
    libffi: '>=3.3'
    libgcc-ng: '>=7.5.0'
    pycparser: ''
    python: '>=3.10,<3.11.0a0'
  hash:
    md5: 5999c18ac0a4d99bd6d8a828da52b95e
    sha256: 6b35cbf870dcaee9eb775c9a6caf69416556a8ef3421fb70ef80ab9e04d0ef92
  manager: conda
  name: cffi
  optional: true
  platform: linux-64
  url: https://repo.anaconda.com/pkgs/main/linux-64/cffi-1.15.0-py310hd667e15_1.conda
  version: 1.15.0
- category: main
  dependencies:
    libgcc-ng: '>=7.5.0'
    mkl: '>=2021.4.0,<2022.0a0'
    python: '>=3.10,<3.11.0a0'
    six: ''
  hash:
    md5: 06f1d5d8e31213836a6bffe57e33dd16
    sha256: 802df0dda2004e951edefaf68a95426137d065f8749246a22646d3012ec73bd1
  manager: conda
  name: mkl-service
  optional: false
  platform: linux-64
  url: https://repo.anaconda.com/pkgs/main/linux-64/mkl-service-2.4.0-py310h7f8727e_0.conda
  version: 2.4.0
- category: build
  dependencies:
    cffi: '>=1.0.0'
    libgcc-ng: '>=7.5.0'
    python: '>=3.10,<3.11.0a0'
  hash:
    md5: a8dfa5aefcc49d5e78000b16d2b7714e
    sha256: c887a0aeba9ce2dab9ad891b676f0c1e43ca1fe7c6075ac3f14a052ccaa31d4a
  manager: conda
  name: brotlipy
  optional: true
  platform: linux-64
  url: https://repo.anaconda.com/pkgs/main/linux-64/brotlipy-0.7.0-py310h7f8727e_1002.conda
  version: 0.7.0
- category: build
  dependencies:
    cffi: '>=1.12'
    libgcc-ng: ''
    openssl: ''
    python: '>=3.10,<3.11.0a0'
  hash:
    md5: d79b4926a9e7c333e99f352261e9ecca
    sha256: 14ecbe0728c0d7e7a77a07816dae64f1e385e8da265cc7121b7cd581653aba4c
  manager: conda
  name: cryptography
  optional: true
  platform: linux-64
  url: https://repo.anaconda.com/pkgs/main/linux-64/cryptography-37.0.1-py310h9ce1e76_0.conda
  version: 37.0.1
- category: main
  dependencies:
    blas: 1.0 mkl
    libgcc-ng: '>=7.5.0'
    libstdcxx-ng: '>=7.5.0'
    mkl: '>=2021.4.0,<2022.0a0'
    mkl-service: '>=2.3.0,<3.0a0'
    python: '>=3.10,<3.11.0a0'
  hash:
    md5: da4d2e68bc141f83fc0b43843816e55c
    sha256: 16e57cae6b4b24538b5d36257181dbdae2c1a1d15dcaef8a6c4c716fe108202b
  manager: conda
  name: numpy-base
  optional: false
  platform: linux-64
  url: https://repo.anaconda.com/pkgs/main/linux-64/numpy-base-1.22.3-py310h9585f30_0.conda
  version: 1.22.3
- category: build
  dependencies:
    cryptography: '>=35.0'
    python: '>=3.6'
  hash:
    md5: 1dbbf9422269cd62c7094960d9b43f36
    sha256: 0a0629a3816bd639f1b1a94dd2fd521ad407e55bfd6532154dce22cddb875783
  manager: conda
  name: pyopenssl
  optional: true
  platform: linux-64
  url: https://repo.anaconda.com/pkgs/main/noarch/pyopenssl-22.0.0-pyhd3eb1b0_0.conda
  version: 22.0.0
- category: build
  dependencies:
    brotlipy: '>=0.6.0'
    certifi: ''
    cryptography: '>=1.3.4'
    idna: '>=2.0.0'
    pyopenssl: '>=0.14'
    pysocks: '>=1.5.6,<2.0,!=1.5.7'
    python: '>=3.10,<3.11.0a0'
  hash:
    md5: b6af128681921aa627443fa84724bc25
    sha256: 513fedb41d0a391ff157359a0dace8473ed8260a7c19d5c90f256ad95f537177
  manager: conda
  name: urllib3
  optional: true
  platform: linux-64
  url: https://repo.anaconda.com/pkgs/main/linux-64/urllib3-1.26.9-py310h06a4308_0.conda
  version: 1.26.9
- category: build
  dependencies:
    certifi: '>=2017.4.17'
    charset-normalizer: '>=2.0.0,<2.1.0'
    idna: '>=2.5,<4'
    python: '>=3.10,<3.11.0a0'
    urllib3: '>=1.21.1,<1.27'
  hash:
    md5: e2759f03c6cd7119f24923ef6bcfddd5
    sha256: 51688b856648e64a2768cd107a7a539edbcdffd19a036723bf05dccb77dda799
  manager: conda
  name: requests
  optional: true
  platform: linux-64
  url: https://repo.anaconda.com/pkgs/main/linux-64/requests-2.28.0-py310h06a4308_0.conda
  version: 2.28.0
- category: main
  dependencies:
    blas: 1.0 mkl
    libgcc-ng: '>=7.5.0'
    libstdcxx-ng: '>=7.5.0'
    mkl: '>=2021.4.0,<2022.0a0'
    mkl-service: '>=2.3.0,<3.0a0'
    numpy: '>=1.21,<2.0a0'
    python: '>=3.10,<3.11.0a0'
  hash:
    md5: a5b8880749ff58de60653472cd202aa0
    sha256: 34be3dbd2bdd819f49d4f41c5c8b02be4deec033f359becbe5c69bdf6b0cf3ab
  manager: conda
  name: mkl_fft
  optional: false
  platform: linux-64
  url: https://repo.anaconda.com/pkgs/main/linux-64/mkl_fft-1.3.1-py310hd6ae3a3_0.conda
  version: 1.3.1
- category: main
  dependencies:
    blas: '* mkl'
    libgcc-ng: '>=7.5.0'
    libstdcxx-ng: '>=7.5.0'
    mkl: '>=2021.4.0,<2022.0a0'
    mkl-service: '>=2.3.0,<3.0a0'
    numpy: '>=1.21,<2.0a0'
    python: '>=3.10,<3.11.0a0'
  hash:
    md5: 03c0cbc3976f219dd7313a628078fb15
    sha256: d8e6e2820e24a3200d02c321a23961d54cfb49484c423919157c420f22868e78
  manager: conda
  name: mkl_random
  optional: false
  platform: linux-64
  url: https://repo.anaconda.com/pkgs/main/linux-64/mkl_random-1.2.2-py310h00e6091_0.conda
  version: 1.2.2
- category: main
  dependencies:
    blas: 1.0 mkl
    libgcc-ng: '>=7.5.0'
    libstdcxx-ng: '>=7.5.0'
    mkl: '>=2021.4.0,<2022.0a0'
    mkl-service: '>=2.3.0,<3.0a0'
    mkl_fft: ''
    mkl_random: ''
    numpy-base: 1.22.3 py310h9585f30_0
    python: '>=3.10,<3.11.0a0'
  hash:
    md5: df1e8183d83e07f2c074d02a856d9757
    sha256: c74a3391b0fbaa2e95c136f3a2e813c82757ae8757525e74af6c83b9e210ba44
  manager: conda
  name: numpy
  optional: false
  platform: linux-64
  url: https://repo.anaconda.com/pkgs/main/linux-64/numpy-1.22.3-py310hfa59a62_0.conda
  version: 1.22.3
version: 1
